
Microsoft Visual Studio Solution File, Format Version 11.00
# Visual Studio 2010
Project("{FAE04EC0-301F-11D3-BF4B-00C04F79EFBC}") = "GOOMS", "Assembly-CSharp.csproj", "{9E8C1D32-0612-3B66-4422-95396C9C2D5B}"
EndProject
Global
	GlobalSection(SolutionConfigurationPlatforms) = preSolution
		Debug|Any CPU = Debug|Any CPU
		Release|Any CPU = Release|Any CPU
	EndGlobalSection
	GlobalSection(ProjectConfigurationPlatforms) = postSolution
		{9E8C1D32-0612-3B66-4422-95396C9C2D5B}.Debug|Any CPU.ActiveCfg = Debug|Any CPU
		{9E8C1D32-0612-3B66-4422-95396C9C2D5B}.Debug|Any CPU.Build.0 = Debug|Any CPU
		{9E8C1D32-0612-3B66-4422-95396C9C2D5B}.Release|Any CPU.ActiveCfg = Release|Any CPU
		{9E8C1D32-0612-3B66-4422-95396C9C2D5B}.Release|Any CPU.Build.0 = Release|Any CPU
	EndGlobalSection
	GlobalSection(SolutionProperties) = preSolution
		HideSolutionNode = FALSE
	EndGlobalSection
	GlobalSection(MonoDevelopProperties) = preSolution
		StartupItem = Assembly-CSharp.csproj
	EndGlobalSection
EndGlobal
