Microsoft Visual Studio Solution File, Format Version 11.00
# Visual Studio 2008

Project("{DCB20E11-D46F-3696-4553-B6BB139DC4EF}") = "GOOMS_2", "Assembly-CSharp.csproj", "{742D7D3F-39CB-A480-CA37-0F146F5440EA}"
EndProject
Global
	GlobalSection(SolutionConfigurationPlatforms) = preSolution
		Debug|Any CPU = Debug|Any CPU
		Release|Any CPU = Release|Any CPU
	EndGlobalSection
	GlobalSection(ProjectConfigurationPlatforms) = postSolution
		{742D7D3F-39CB-A480-CA37-0F146F5440EA}.Debug|Any CPU.ActiveCfg = Debug|Any CPU
		{742D7D3F-39CB-A480-CA37-0F146F5440EA}.Debug|Any CPU.Build.0 = Debug|Any CPU
		{742D7D3F-39CB-A480-CA37-0F146F5440EA}.Release|Any CPU.ActiveCfg = Release|Any CPU
		{742D7D3F-39CB-A480-CA37-0F146F5440EA}.Release|Any CPU.Build.0 = Release|Any CPU
	EndGlobalSection
	GlobalSection(SolutionProperties) = preSolution
		HideSolutionNode = FALSE
	EndGlobalSection
	GlobalSection(MonoDevelopProperties) = preSolution
		StartupItem = Assembly-CSharp.csproj
	EndGlobalSection
EndGlobal
